
Microsoft Visual Studio Solution File, Format Version 12.00
# Visual Studio Version 16
VisualStudioVersion = 16.0.30204.135
MinimumVisualStudioVersion = 10.0.40219.1
Project("{FAE04EC0-301F-11D3-BF4B-00C04F79EFBC}") = "AbstractClassDemo", "AbstractClassDemo\AbstractClassDemo.csproj", "{B24C6A91-BE3B-4C70-A7B1-35DE0BB4DCB0}"
EndProject
Global
	GlobalSection(SolutionConfigurationPlatforms) = preSolution
		Debug|Any CPU = Debug|Any CPU
		Release|Any CPU = Release|Any CPU
	EndGlobalSection
	GlobalSection(ProjectConfigurationPlatforms) = postSolution
		{B24C6A91-BE3B-4C70-A7B1-35DE0BB4DCB0}.Debug|Any CPU.ActiveCfg = Debug|Any CPU
		{B24C6A91-BE3B-4C70-A7B1-35DE0BB4DCB0}.Debug|Any CPU.Build.0 = Debug|Any CPU
		{B24C6A91-BE3B-4C70-A7B1-35DE0BB4DCB0}.Release|Any CPU.ActiveCfg = Release|Any CPU
		{B24C6A91-BE3B-4C70-A7B1-35DE0BB4DCB0}.Release|Any CPU.Build.0 = Release|Any CPU
	EndGlobalSection
	GlobalSection(SolutionProperties) = preSolution
		HideSolutionNode = FALSE
	EndGlobalSection
	GlobalSection(ExtensibilityGlobals) = postSolution
		SolutionGuid = {8029A047-6256-43DE-AA4A-66AB9346C832}
	EndGlobalSection
EndGlobal
